
Microsoft Visual Studio Solution File, Format Version 12.00
# Visual Studio Version 17
VisualStudioVersion = 17.5.33502.453
MinimumVisualStudioVersion = 10.0.40219.1
Project("{FAE04EC0-301F-11D3-BF4B-00C04F79EFBC}") = "Undine.MonoGame.SplineFlower", "Undine.MonoGame.SplineFlower\Undine.MonoGame.SplineFlower.csproj", "{BFCF64A7-2B70-409C-BB83-5E18745E9322}"
EndProject
Global
	GlobalSection(SolutionConfigurationPlatforms) = preSolution
		Debug|Any CPU = Debug|Any CPU
		Release|Any CPU = Release|Any CPU
	EndGlobalSection
	GlobalSection(ProjectConfigurationPlatforms) = postSolution
		{BFCF64A7-2B70-409C-BB83-5E18745E9322}.Debug|Any CPU.ActiveCfg = Debug|Any CPU
		{BFCF64A7-2B70-409C-BB83-5E18745E9322}.Debug|Any CPU.Build.0 = Debug|Any CPU
		{BFCF64A7-2B70-409C-BB83-5E18745E9322}.Release|Any CPU.ActiveCfg = Release|Any CPU
		{BFCF64A7-2B70-409C-BB83-5E18745E9322}.Release|Any CPU.Build.0 = Release|Any CPU
	EndGlobalSection
	GlobalSection(SolutionProperties) = preSolution
		HideSolutionNode = FALSE
	EndGlobalSection
	GlobalSection(ExtensibilityGlobals) = postSolution
		SolutionGuid = {32A56275-57CB-435E-BBAD-5E347ED7BF4B}
	EndGlobalSection
EndGlobal
